
Microsoft Visual Studio Solution File, Format Version 12.00
# Visual Studio Version 17
VisualStudioVersion = 17.6.33712.159
MinimumVisualStudioVersion = 10.0.40219.1
Project("{FAE04EC0-301F-11D3-BF4B-00C04F79EFBC}") = "FibonacciSeries", "FibonacciSeries\FibonacciSeries.csproj", "{F43B8670-F59B-4FF0-A507-3486467D5214}"
EndProject
Global
	GlobalSection(SolutionConfigurationPlatforms) = preSolution
		Debug|Any CPU = Debug|Any CPU
		Release|Any CPU = Release|Any CPU
	EndGlobalSection
	GlobalSection(ProjectConfigurationPlatforms) = postSolution
		{F43B8670-F59B-4FF0-A507-3486467D5214}.Debug|Any CPU.ActiveCfg = Debug|Any CPU
		{F43B8670-F59B-4FF0-A507-3486467D5214}.Debug|Any CPU.Build.0 = Debug|Any CPU
		{F43B8670-F59B-4FF0-A507-3486467D5214}.Release|Any CPU.ActiveCfg = Release|Any CPU
		{F43B8670-F59B-4FF0-A507-3486467D5214}.Release|Any CPU.Build.0 = Release|Any CPU
	EndGlobalSection
	GlobalSection(SolutionProperties) = preSolution
		HideSolutionNode = FALSE
	EndGlobalSection
	GlobalSection(ExtensibilityGlobals) = postSolution
		SolutionGuid = {DF670D40-0E0A-4C64-BF5D-917AFAC67677}
	EndGlobalSection
EndGlobal
